{
  "name": "statsd",
  "version": "0.8.0",
  "lockfileVersion": 1,
  "requires": true,
  "dependencies": {
    "aws-cloudwatch-statsd-backend": {
      "version": "1.2.0",
      "resolved": "https://registry.npmjs.org/aws-cloudwatch-statsd-backend/-/aws-cloudwatch-statsd-backend-1.2.0.tgz",
      "integrity": "sha1-sBJ6wsEVFnM0pVtaO4PAsfsi5T8=",
      "requires": {
        "awssum": "~0.10",
        "fmt": "~0.4"
      }
    },
    "awssum": {
      "version": "0.10.1",
      "resolved": "https://registry.npmjs.org/awssum/-/awssum-0.10.1.tgz",
      "integrity": "sha1-cRpCSYGJyVwggPsj3B0sKJEKHJU=",
      "requires": {
        "data2xml": ">= 0.4.0",
        "dateformat": ">= 1.0.2-1.2.3",
        "fmt": ">= 0.4.0",
        "passgen": ">= 1.0.1",
        "underscore": ">= 1.3.3",
        "xml": ">= 0.0.7",
        "xml2js": "~ 0.1.14"
      },
      "dependencies": {
        "underscore": {
          "version": "1.9.1",
          "resolved": "https://registry.npmjs.org/underscore/-/underscore-1.9.1.tgz",
          "integrity": "sha512-5/4etnCkd9c8gwgowi5/om/mYO5ajCaOgdzj/oW+0eQV9WxKBDZw5+ycmKmeaTXjInS/W0BzpGLo2xR2aBwZdg=="
        }
      }
    },
    "data2xml": {
      "version": "1.3.1",
      "resolved": "https://registry.npmjs.org/data2xml/-/data2xml-1.3.1.tgz",
      "integrity": "sha512-HipceivUFhCVWWxTfaM7pINRVSl7RYKqmUX9emPvR2FJw6LWCqbzxwzWw9HzetWPudiTLYVazjHs51W4di0qcw=="
    },
    "dateformat": {
      "version": "3.0.3",
      "resolved": "https://registry.npmjs.org/dateformat/-/dateformat-3.0.3.tgz",
      "integrity": "sha512-jyCETtSl3VMZMWeRo7iY1FL19ges1t55hMo5yaam4Jrsm5EPL89UQkoQRyiI+Yf4k8r2ZpdngkV8hr1lIdjb3Q=="
    },
    "fmt": {
      "version": "0.4.0",
      "resolved": "https://registry.npmjs.org/fmt/-/fmt-0.4.0.tgz",
      "integrity": "sha1-0R5qQueU8eHmIAaR5sAlEGtoSo0="
    },
    "passgen": {
      "version": "1.1.0",
      "resolved": "https://registry.npmjs.org/passgen/-/passgen-1.1.0.tgz",
      "integrity": "sha1-ju8ci3zzKUpKgKFdWfLajWKfKHI="
    },
    "sax": {
      "version": "1.2.4",
      "resolved": "https://registry.npmjs.org/sax/-/sax-1.2.4.tgz",
      "integrity": "sha512-NqVDv9TpANUjFm0N8uM5GxL36UgKi9/atZw+x7YFnQ8ckwFGKrl4xX4yWtrey3UJm5nP1kUbnYgLopqWNSRhWw=="
    },
    "xml": {
      "version": "1.0.1",
      "resolved": "https://registry.npmjs.org/xml/-/xml-1.0.1.tgz",
      "integrity": "sha1-eLpyAgApxbyHuKgaPPzXS0ovweU="
    },
    "xml2js": {
      "version": "0.1.14",
      "resolved": "https://registry.npmjs.org/xml2js/-/xml2js-0.1.14.tgz",
      "integrity": "sha1-UnTmf1pkxfkpdM2FE54DMq3GuQw=",
      "requires": {
        "sax": ">=0.1.1"
      }
    }
  }
}
